
Microsoft Visual Studio Solution File, Format Version 12.00
# Visual Studio Version 16
VisualStudioVersion = 16.0.28922.388
MinimumVisualStudioVersion = 10.0.40219.1
Project("{FAE04EC0-301F-11D3-BF4B-00C04F79EFBC}") = "Pharmacy", "Pharmacy\Pharmacy.csproj", "{AA15F819-86F1-47EC-BDC9-5AF194C756C4}"
EndProject
Global
	GlobalSection(SolutionConfigurationPlatforms) = preSolution
		Debug|Any CPU = Debug|Any CPU
		Release|Any CPU = Release|Any CPU
	EndGlobalSection
	GlobalSection(ProjectConfigurationPlatforms) = postSolution
		{AA15F819-86F1-47EC-BDC9-5AF194C756C4}.Debug|Any CPU.ActiveCfg = Debug|Any CPU
		{AA15F819-86F1-47EC-BDC9-5AF194C756C4}.Debug|Any CPU.Build.0 = Debug|Any CPU
		{AA15F819-86F1-47EC-BDC9-5AF194C756C4}.Release|Any CPU.ActiveCfg = Release|Any CPU
		{AA15F819-86F1-47EC-BDC9-5AF194C756C4}.Release|Any CPU.Build.0 = Release|Any CPU
	EndGlobalSection
	GlobalSection(SolutionProperties) = preSolution
		HideSolutionNode = FALSE
	EndGlobalSection
	GlobalSection(ExtensibilityGlobals) = postSolution
		SolutionGuid = {6BF136A0-EF7B-42ED-AA8D-D6F2DD3404AB}
	EndGlobalSection
EndGlobal
