
Microsoft Visual Studio Solution File, Format Version 12.00
# Visual Studio Version 16
VisualStudioVersion = 16.0.29519.181
MinimumVisualStudioVersion = 10.0.40219.1
Project("{FAE04EC0-301F-11D3-BF4B-00C04F79EFBC}") = "Pharmacy", "Pharmacy\Pharmacy.csproj", "{034C8051-75A5-4057-A391-4B7AA80A614F}"
EndProject
Global
	GlobalSection(SolutionConfigurationPlatforms) = preSolution
		Debug|Any CPU = Debug|Any CPU
		Release|Any CPU = Release|Any CPU
	EndGlobalSection
	GlobalSection(ProjectConfigurationPlatforms) = postSolution
		{034C8051-75A5-4057-A391-4B7AA80A614F}.Debug|Any CPU.ActiveCfg = Debug|Any CPU
		{034C8051-75A5-4057-A391-4B7AA80A614F}.Debug|Any CPU.Build.0 = Debug|Any CPU
		{034C8051-75A5-4057-A391-4B7AA80A614F}.Release|Any CPU.ActiveCfg = Release|Any CPU
		{034C8051-75A5-4057-A391-4B7AA80A614F}.Release|Any CPU.Build.0 = Release|Any CPU
	EndGlobalSection
	GlobalSection(SolutionProperties) = preSolution
		HideSolutionNode = FALSE
	EndGlobalSection
	GlobalSection(ExtensibilityGlobals) = postSolution
		SolutionGuid = {E1982BD1-A49B-44AD-8AD2-68A19207678B}
	EndGlobalSection
EndGlobal
